
Microsoft Visual Studio Solution File, Format Version 12.00
# Visual Studio Version 17
VisualStudioVersion = 17.5.33502.453
MinimumVisualStudioVersion = 10.0.40219.1
Project("{9A19103F-16F7-4668-BE54-9A1E7A4F7556}") = "FaireLinkerApp", "FaireLinkerApp.csproj", "{237C932E-0FD4-4927-BCCC-BAEBBF5DA90E}"
EndProject
Project("{FAE04EC0-301F-11D3-BF4B-00C04F79EFBC}") = "TestsFaireLinkerApp", "..\TestsFaireLinkerApp\TestsFaireLinkerApp.csproj", "{4BBDAE89-D40F-4554-9B85-F740A8380488}"
EndProject
Project("{2150E333-8FDC-42A3-9474-1A3956D46DE8}") = "Solution", "Solution", "{A5CB68A3-9C02-45C5-99A9-886E232D462C}"
EndProject
Project("{2150E333-8FDC-42A3-9474-1A3956D46DE8}") = "Tests", "Tests", "{9A3411EB-B672-4F02-9730-DCC04CEE7D4C}"
EndProject
Global
	GlobalSection(SolutionConfigurationPlatforms) = preSolution
		Debug|Any CPU = Debug|Any CPU
		Release|Any CPU = Release|Any CPU
	EndGlobalSection
	GlobalSection(ProjectConfigurationPlatforms) = postSolution
		{237C932E-0FD4-4927-BCCC-BAEBBF5DA90E}.Debug|Any CPU.ActiveCfg = Debug|Any CPU
		{237C932E-0FD4-4927-BCCC-BAEBBF5DA90E}.Debug|Any CPU.Build.0 = Debug|Any CPU
		{237C932E-0FD4-4927-BCCC-BAEBBF5DA90E}.Release|Any CPU.ActiveCfg = Release|Any CPU
		{237C932E-0FD4-4927-BCCC-BAEBBF5DA90E}.Release|Any CPU.Build.0 = Release|Any CPU
		{4BBDAE89-D40F-4554-9B85-F740A8380488}.Debug|Any CPU.ActiveCfg = Debug|Any CPU
		{4BBDAE89-D40F-4554-9B85-F740A8380488}.Debug|Any CPU.Build.0 = Debug|Any CPU
		{4BBDAE89-D40F-4554-9B85-F740A8380488}.Release|Any CPU.ActiveCfg = Release|Any CPU
		{4BBDAE89-D40F-4554-9B85-F740A8380488}.Release|Any CPU.Build.0 = Release|Any CPU
	EndGlobalSection
	GlobalSection(SolutionProperties) = preSolution
		HideSolutionNode = FALSE
	EndGlobalSection
	GlobalSection(NestedProjects) = preSolution
		{237C932E-0FD4-4927-BCCC-BAEBBF5DA90E} = {A5CB68A3-9C02-45C5-99A9-886E232D462C}
		{4BBDAE89-D40F-4554-9B85-F740A8380488} = {9A3411EB-B672-4F02-9730-DCC04CEE7D4C}
	EndGlobalSection
	GlobalSection(ExtensibilityGlobals) = postSolution
		SolutionGuid = {B8D5DCCA-DD66-455D-98D4-FD6730804B6A}
	EndGlobalSection
EndGlobal
